// !$*UTF8*$!
{
	archiveVersion = 1;
	classes = {
	};
	objectVersion = 50;
	objects = {

/* Begin PBXBuildFile section */
		F70A5D14223261CF00F72165 /* rankTableViewCell.xib in Resources */ = {isa = PBXBuildFile; fileRef = F70A5D13223261CF00F72165 /* rankTableViewCell.xib */; };
		F70A5D16223261EE00F72165 /* rankTableViewCell.swift in Sources */ = {isa = PBXBuildFile; fileRef = F70A5D15223261EE00F72165 /* rankTableViewCell.swift */; };
		F736EDD02230BCFD00460137 /* AppDelegate.swift in Sources */ = {isa = PBXBuildFile; fileRef = F736EDCF2230BCFD00460137 /* AppDelegate.swift */; };
		F736EDD22230BCFD00460137 /* ViewController.swift in Sources */ = {isa = PBXBuildFile; fileRef = F736EDD12230BCFD00460137 /* ViewController.swift */; };
		F736EDD52230BCFD00460137 /* Main.storyboard in Resources */ = {isa = PBXBuildFile; fileRef = F736EDD32230BCFD00460137 /* Main.storyboard */; };
		F736EDD72230BCFE00460137 /* Assets.xcassets in Resources */ = {isa = PBXBuildFile; fileRef = F736EDD62230BCFE00460137 /* Assets.xcassets */; };
		F736EDDA2230BCFE00460137 /* LaunchScreen.storyboard in Resources */ = {isa = PBXBuildFile; fileRef = F736EDD82230BCFE00460137 /* LaunchScreen.storyboard */; };
		F736EDE42230C71800460137 /* GameSelectorViewController.swift in Sources */ = {isa = PBXBuildFile; fileRef = F736EDE22230C71800460137 /* GameSelectorViewController.swift */; };
		F736EDE52230C71800460137 /* GameSelectorViewController.xib in Resources */ = {isa = PBXBuildFile; fileRef = F736EDE32230C71800460137 /* GameSelectorViewController.xib */; };
		F736EDEE2230C99A00460137 /* Music.m in Sources */ = {isa = PBXBuildFile; fileRef = F736EDEC2230C99A00460137 /* Music.m */; };
		F736EDEF2230C99A00460137 /* button_click.mp3 in Resources */ = {isa = PBXBuildFile; fileRef = F736EDED2230C99A00460137 /* button_click.mp3 */; };
		F736EDF02230CA1900460137 /* DigitalBurst-Bridging-Header.h in Resources */ = {isa = PBXBuildFile; fileRef = F736EDE72230C97900460137 /* DigitalBurst-Bridging-Header.h */; };
		F736EDF42230D03C00460137 /* BGM.mp3 in Resources */ = {isa = PBXBuildFile; fileRef = F736EDF32230D03C00460137 /* BGM.mp3 */; };
		F736EDFD2230D39200460137 /* GameViewController.swift in Sources */ = {isa = PBXBuildFile; fileRef = F736EDFB2230D39200460137 /* GameViewController.swift */; };
		F736EDFE2230D39200460137 /* GameViewController.xib in Resources */ = {isa = PBXBuildFile; fileRef = F736EDFC2230D39200460137 /* GameViewController.xib */; };
		F736EE002230FD4400460137 /* NumberView.swift in Sources */ = {isa = PBXBuildFile; fileRef = F736EDFF2230FD4400460137 /* NumberView.swift */; };
		F7D505A1223246C700D3ADBE /* GameOverViewController.swift in Sources */ = {isa = PBXBuildFile; fileRef = F7D5059F223246C700D3ADBE /* GameOverViewController.swift */; };
		F7D505A2223246C700D3ADBE /* GameOverViewController.xib in Resources */ = {isa = PBXBuildFile; fileRef = F7D505A0223246C700D3ADBE /* GameOverViewController.xib */; };
		F7D505B02232516D00D3ADBE /* FMDatabaseQueue.m in Sources */ = {isa = PBXBuildFile; fileRef = F7D505A52232516D00D3ADBE /* FMDatabaseQueue.m */; };
		F7D505B12232516D00D3ADBE /* FMDatabaseAdditions.m in Sources */ = {isa = PBXBuildFile; fileRef = F7D505A82232516D00D3ADBE /* FMDatabaseAdditions.m */; };
		F7D505B22232516D00D3ADBE /* FMDatabase.m in Sources */ = {isa = PBXBuildFile; fileRef = F7D505A92232516D00D3ADBE /* FMDatabase.m */; };
		F7D505B32232516D00D3ADBE /* FMDatabasePool.m in Sources */ = {isa = PBXBuildFile; fileRef = F7D505AD2232516D00D3ADBE /* FMDatabasePool.m */; };
		F7D505B42232516D00D3ADBE /* FMResultSet.m in Sources */ = {isa = PBXBuildFile; fileRef = F7D505AE2232516D00D3ADBE /* FMResultSet.m */; };
		F7D505B82232518700D3ADBE /* UserDb.m in Sources */ = {isa = PBXBuildFile; fileRef = F7D505B62232518700D3ADBE /* UserDb.m */; };
		F7D505BE22325C8A00D3ADBE /* RankViewController.swift in Sources */ = {isa = PBXBuildFile; fileRef = F7D505BA223254F100D3ADBE /* RankViewController.swift */; };
		F7D505BF22325C8E00D3ADBE /* RankViewController.xib in Resources */ = {isa = PBXBuildFile; fileRef = F7D505BB223254F100D3ADBE /* RankViewController.xib */; };
		F7E8AE84223222A800039FAB /* merge.mp3 in Resources */ = {isa = PBXBuildFile; fileRef = F7E8AE83223222A800039FAB /* merge.mp3 */; };
/* End PBXBuildFile section */

/* Begin PBXFileReference section */
		F70A5D13223261CF00F72165 /* rankTableViewCell.xib */ = {isa = PBXFileReference; fileEncoding = 4; lastKnownFileType = file.xib; path = rankTableViewCell.xib; sourceTree = "<group>"; };
		F70A5D15223261EE00F72165 /* rankTableViewCell.swift */ = {isa = PBXFileReference; lastKnownFileType = sourcecode.swift; path = rankTableViewCell.swift; sourceTree = "<group>"; };
		F736EDCC2230BCFD00460137 /* DigitalBurst.app */ = {isa = PBXFileReference; explicitFileType = wrapper.application; includeInIndex = 0; path = DigitalBurst.app; sourceTree = BUILT_PRODUCTS_DIR; };
		F736EDCF2230BCFD00460137 /* AppDelegate.swift */ = {isa = PBXFileReference; lastKnownFileType = sourcecode.swift; path = AppDelegate.swift; sourceTree = "<group>"; };
		F736EDD12230BCFD00460137 /* ViewController.swift */ = {isa = PBXFileReference; lastKnownFileType = sourcecode.swift; path = ViewController.swift; sourceTree = "<group>"; };
		F736EDD42230BCFD00460137 /* Base */ = {isa = PBXFileReference; lastKnownFileType = file.storyboard; name = Base; path = Base.lproj/Main.storyboard; sourceTree = "<group>"; };
		F736EDD62230BCFE00460137 /* Assets.xcassets */ = {isa = PBXFileReference; lastKnownFileType = folder.assetcatalog; path = Assets.xcassets; sourceTree = "<group>"; };
		F736EDD92230BCFE00460137 /* Base */ = {isa = PBXFileReference; lastKnownFileType = file.storyboard; name = Base; path = Base.lproj/LaunchScreen.storyboard; sourceTree = "<group>"; };
		F736EDDB2230BCFE00460137 /* Info.plist */ = {isa = PBXFileReference; lastKnownFileType = text.plist.xml; path = Info.plist; sourceTree = "<group>"; };
		F736EDE22230C71800460137 /* GameSelectorViewController.swift */ = {isa = PBXFileReference; lastKnownFileType = sourcecode.swift; path = GameSelectorViewController.swift; sourceTree = "<group>"; };
		F736EDE32230C71800460137 /* GameSelectorViewController.xib */ = {isa = PBXFileReference; lastKnownFileType = file.xib; path = GameSelectorViewController.xib; sourceTree = "<group>"; };
		F736EDE72230C97900460137 /* DigitalBurst-Bridging-Header.h */ = {isa = PBXFileReference; lastKnownFileType = sourcecode.c.h; path = "DigitalBurst-Bridging-Header.h"; sourceTree = "<group>"; };
		F736EDEB2230C99A00460137 /* Music.h */ = {isa = PBXFileReference; fileEncoding = 4; lastKnownFileType = sourcecode.c.h; path = Music.h; sourceTree = "<group>"; };
		F736EDEC2230C99A00460137 /* Music.m */ = {isa = PBXFileReference; fileEncoding = 4; lastKnownFileType = sourcecode.c.objc; path = Music.m; sourceTree = "<group>"; };
		F736EDED2230C99A00460137 /* button_click.mp3 */ = {isa = PBXFileReference; lastKnownFileType = audio.mp3; path = button_click.mp3; sourceTree = "<group>"; };
		F736EDF32230D03C00460137 /* BGM.mp3 */ = {isa = PBXFileReference; lastKnownFileType = audio.mp3; path = BGM.mp3; sourceTree = "<group>"; };
		F736EDFB2230D39200460137 /* GameViewController.swift */ = {isa = PBXFileReference; lastKnownFileType = sourcecode.swift; path = GameViewController.swift; sourceTree = "<group>"; };
		F736EDFC2230D39200460137 /* GameViewController.xib */ = {isa = PBXFileReference; lastKnownFileType = file.xib; path = GameViewController.xib; sourceTree = "<group>"; };
		F736EDFF2230FD4400460137 /* NumberView.swift */ = {isa = PBXFileReference; lastKnownFileType = sourcecode.swift; path = NumberView.swift; sourceTree = "<group>"; };
		F7D5059F223246C700D3ADBE /* GameOverViewController.swift */ = {isa = PBXFileReference; lastKnownFileType = sourcecode.swift; path = GameOverViewController.swift; sourceTree = "<group>"; };
		F7D505A0223246C700D3ADBE /* GameOverViewController.xib */ = {isa = PBXFileReference; lastKnownFileType = file.xib; path = GameOverViewController.xib; sourceTree = "<group>"; };
		F7D505A42232516D00D3ADBE /* FMDatabase.h */ = {isa = PBXFileReference; fileEncoding = 4; lastKnownFileType = sourcecode.c.h; path = FMDatabase.h; sourceTree = "<group>"; };
		F7D505A52232516D00D3ADBE /* FMDatabaseQueue.m */ = {isa = PBXFileReference; fileEncoding = 4; lastKnownFileType = sourcecode.c.objc; path = FMDatabaseQueue.m; sourceTree = "<group>"; };
		F7D505A62232516D00D3ADBE /* FMResultSet.h */ = {isa = PBXFileReference; fileEncoding = 4; lastKnownFileType = sourcecode.c.h; path = FMResultSet.h; sourceTree = "<group>"; };
		F7D505A72232516D00D3ADBE /* FMDatabasePool.h */ = {isa = PBXFileReference; fileEncoding = 4; lastKnownFileType = sourcecode.c.h; path = FMDatabasePool.h; sourceTree = "<group>"; };
		F7D505A82232516D00D3ADBE /* FMDatabaseAdditions.m */ = {isa = PBXFileReference; fileEncoding = 4; lastKnownFileType = sourcecode.c.objc; path = FMDatabaseAdditions.m; sourceTree = "<group>"; };
		F7D505A92232516D00D3ADBE /* FMDatabase.m */ = {isa = PBXFileReference; fileEncoding = 4; lastKnownFileType = sourcecode.c.objc; path = FMDatabase.m; sourceTree = "<group>"; };
		F7D505AA2232516D00D3ADBE /* FMDatabaseQueue.h */ = {isa = PBXFileReference; fileEncoding = 4; lastKnownFileType = sourcecode.c.h; path = FMDatabaseQueue.h; sourceTree = "<group>"; };
		F7D505AB2232516D00D3ADBE /* FMDB.h */ = {isa = PBXFileReference; fileEncoding = 4; lastKnownFileType = sourcecode.c.h; path = FMDB.h; sourceTree = "<group>"; };
		F7D505AC2232516D00D3ADBE /* FMDatabaseAdditions.h */ = {isa = PBXFileReference; fileEncoding = 4; lastKnownFileType = sourcecode.c.h; path = FMDatabaseAdditions.h; sourceTree = "<group>"; };
		F7D505AD2232516D00D3ADBE /* FMDatabasePool.m */ = {isa = PBXFileReference; fileEncoding = 4; lastKnownFileType = sourcecode.c.objc; path = FMDatabasePool.m; sourceTree = "<group>"; };
		F7D505AE2232516D00D3ADBE /* FMResultSet.m */ = {isa = PBXFileReference; fileEncoding = 4; lastKnownFileType = sourcecode.c.objc; path = FMResultSet.m; sourceTree = "<group>"; };
		F7D505B62232518700D3ADBE /* UserDb.m */ = {isa = PBXFileReference; fileEncoding = 4; lastKnownFileType = sourcecode.c.objc; path = UserDb.m; sourceTree = "<group>"; };
		F7D505B72232518700D3ADBE /* UserDb.h */ = {isa = PBXFileReference; fileEncoding = 4; lastKnownFileType = sourcecode.c.h; path = UserDb.h; sourceTree = "<group>"; };
		F7D505BA223254F100D3ADBE /* RankViewController.swift */ = {isa = PBXFileReference; lastKnownFileType = sourcecode.swift; path = RankViewController.swift; sourceTree = "<group>"; };
		F7D505BB223254F100D3ADBE /* RankViewController.xib */ = {isa = PBXFileReference; lastKnownFileType = file.xib; path = RankViewController.xib; sourceTree = "<group>"; };
		F7E8AE83223222A800039FAB /* merge.mp3 */ = {isa = PBXFileReference; lastKnownFileType = audio.mp3; path = merge.mp3; sourceTree = "<group>"; };
/* End PBXFileReference section */

/* Begin PBXFrameworksBuildPhase section */
		F736EDC92230BCFD00460137 /* Frameworks */ = {
			isa = PBXFrameworksBuildPhase;
			buildActionMask = 2147483647;
			files = (
			);
			runOnlyForDeploymentPostprocessing = 0;
		};
/* End PBXFrameworksBuildPhase section */

/* Begin PBXGroup section */
		F736EDC32230BCFD00460137 = {
			isa = PBXGroup;
			children = (
				F736EDCE2230BCFD00460137 /* DigitalBurst */,
				F736EDCD2230BCFD00460137 /* Products */,
			);
			sourceTree = "<group>";
		};
		F736EDCD2230BCFD00460137 /* Products */ = {
			isa = PBXGroup;
			children = (
				F736EDCC2230BCFD00460137 /* DigitalBurst.app */,
			);
			name = Products;
			sourceTree = "<group>";
		};
		F736EDCE2230BCFD00460137 /* DigitalBurst */ = {
			isa = PBXGroup;
			children = (
				F736EDE72230C97900460137 /* DigitalBurst-Bridging-Header.h */,
				F736EDF52230D36000460137 /* game */,
				F736EDE62230C96500460137 /* resource */,
				F736EDE12230C70000460137 /* gameSelector */,
				F7D505B9223254DD00D3ADBE /* rank */,
				F736EDCF2230BCFD00460137 /* AppDelegate.swift */,
				F736EDD12230BCFD00460137 /* ViewController.swift */,
				F736EDD32230BCFD00460137 /* Main.storyboard */,
				F736EDD62230BCFE00460137 /* Assets.xcassets */,
				F736EDD82230BCFE00460137 /* LaunchScreen.storyboard */,
				F736EDDB2230BCFE00460137 /* Info.plist */,
			);
			path = DigitalBurst;
			sourceTree = "<group>";
		};
		F736EDE12230C70000460137 /* gameSelector */ = {
			isa = PBXGroup;
			children = (
				F736EDE22230C71800460137 /* GameSelectorViewController.swift */,
				F736EDE32230C71800460137 /* GameSelectorViewController.xib */,
			);
			path = gameSelector;
			sourceTree = "<group>";
		};
		F736EDE62230C96500460137 /* resource */ = {
			isa = PBXGroup;
			children = (
				F7D505A32232516D00D3ADBE /* fmdb */,
				F736EDF32230D03C00460137 /* BGM.mp3 */,
				F736EDED2230C99A00460137 /* button_click.mp3 */,
				F7E8AE83223222A800039FAB /* merge.mp3 */,
				F736EDEB2230C99A00460137 /* Music.h */,
				F736EDEC2230C99A00460137 /* Music.m */,
				F7D505B72232518700D3ADBE /* UserDb.h */,
				F7D505B62232518700D3ADBE /* UserDb.m */,
			);
			path = resource;
			sourceTree = "<group>";
		};
		F736EDF52230D36000460137 /* game */ = {
			isa = PBXGroup;
			children = (
				F736EDFB2230D39200460137 /* GameViewController.swift */,
				F736EDFC2230D39200460137 /* GameViewController.xib */,
				F736EDFF2230FD4400460137 /* NumberView.swift */,
				F7D5059F223246C700D3ADBE /* GameOverViewController.swift */,
				F7D505A0223246C700D3ADBE /* GameOverViewController.xib */,
			);
			path = game;
			sourceTree = "<group>";
		};
		F7D505A32232516D00D3ADBE /* fmdb */ = {
			isa = PBXGroup;
			children = (
				F7D505A42232516D00D3ADBE /* FMDatabase.h */,
				F7D505A52232516D00D3ADBE /* FMDatabaseQueue.m */,
				F7D505A62232516D00D3ADBE /* FMResultSet.h */,
				F7D505A72232516D00D3ADBE /* FMDatabasePool.h */,
				F7D505A82232516D00D3ADBE /* FMDatabaseAdditions.m */,
				F7D505A92232516D00D3ADBE /* FMDatabase.m */,
				F7D505AA2232516D00D3ADBE /* FMDatabaseQueue.h */,
				F7D505AB2232516D00D3ADBE /* FMDB.h */,
				F7D505AC2232516D00D3ADBE /* FMDatabaseAdditions.h */,
				F7D505AD2232516D00D3ADBE /* FMDatabasePool.m */,
				F7D505AE2232516D00D3ADBE /* FMResultSet.m */,
			);
			path = fmdb;
			sourceTree = "<group>";
		};
		F7D505B9223254DD00D3ADBE /* rank */ = {
			isa = PBXGroup;
			children = (
				F70A5D13223261CF00F72165 /* rankTableViewCell.xib */,
				F7D505BA223254F100D3ADBE /* RankViewController.swift */,
				F7D505BB223254F100D3ADBE /* RankViewController.xib */,
				F70A5D15223261EE00F72165 /* rankTableViewCell.swift */,
			);
			path = rank;
			sourceTree = "<group>";
		};
/* End PBXGroup section */

/* Begin PBXNativeTarget section */
		F736EDCB2230BCFD00460137 /* DigitalBurst */ = {
			isa = PBXNativeTarget;
			buildConfigurationList = F736EDDE2230BCFE00460137 /* Build configuration list for PBXNativeTarget "DigitalBurst" */;
			buildPhases = (
				F736EDC82230BCFD00460137 /* Sources */,
				F736EDC92230BCFD00460137 /* Frameworks */,
				F736EDCA2230BCFD00460137 /* Resources */,
			);
			buildRules = (
			);
			dependencies = (
			);
			name = DigitalBurst;
			productName = DigitalBurst;
			productReference = F736EDCC2230BCFD00460137 /* DigitalBurst.app */;
			productType = "com.apple.product-type.application";
		};
/* End PBXNativeTarget section */

/* Begin PBXProject section */
		F736EDC42230BCFD00460137 /* Project object */ = {
			isa = PBXProject;
			attributes = {
				LastSwiftUpdateCheck = 1010;
				LastUpgradeCheck = 1010;
				ORGANIZATIONNAME = iOS123;
				TargetAttributes = {
					F736EDCB2230BCFD00460137 = {
						CreatedOnToolsVersion = 10.1;
						LastSwiftMigration = 1010;
					};
				};
			};
			buildConfigurationList = F736EDC72230BCFD00460137 /* Build configuration list for PBXProject "DigitalBurst" */;
			compatibilityVersion = "Xcode 9.3";
			developmentRegion = en;
			hasScannedForEncodings = 0;
			knownRegions = (
				en,
				Base,
			);
			mainGroup = F736EDC32230BCFD00460137;
			productRefGroup = F736EDCD2230BCFD00460137 /* Products */;
			projectDirPath = "";
			projectRoot = "";
			targets = (
				F736EDCB2230BCFD00460137 /* DigitalBurst */,
			);
		};
/* End PBXProject section */

/* Begin PBXResourcesBuildPhase section */
		F736EDCA2230BCFD00460137 /* Resources */ = {
			isa = PBXResourcesBuildPhase;
			buildActionMask = 2147483647;
			files = (
				F7D505A2223246C700D3ADBE /* GameOverViewController.xib in Resources */,
				F70A5D14223261CF00F72165 /* rankTableViewCell.xib in Resources */,
				F736EDFE2230D39200460137 /* GameViewController.xib in Resources */,
				F736EDF02230CA1900460137 /* DigitalBurst-Bridging-Header.h in Resources */,
				F736EDDA2230BCFE00460137 /* LaunchScreen.storyboard in Resources */,
				F736EDEF2230C99A00460137 /* button_click.mp3 in Resources */,
				F736EDE52230C71800460137 /* GameSelectorViewController.xib in Resources */,
				F7D505BF22325C8E00D3ADBE /* RankViewController.xib in Resources */,
				F7E8AE84223222A800039FAB /* merge.mp3 in Resources */,
				F736EDD72230BCFE00460137 /* Assets.xcassets in Resources */,
				F736EDD52230BCFD00460137 /* Main.storyboard in Resources */,
				F736EDF42230D03C00460137 /* BGM.mp3 in Resources */,
			);
			runOnlyForDeploymentPostprocessing = 0;
		};
/* End PBXResourcesBuildPhase section */

/* Begin PBXSourcesBuildPhase section */
		F736EDC82230BCFD00460137 /* Sources */ = {
			isa = PBXSourcesBuildPhase;
			buildActionMask = 2147483647;
			files = (
				F736EDFD2230D39200460137 /* GameViewController.swift in Sources */,
				F7D505B02232516D00D3ADBE /* FMDatabaseQueue.m in Sources */,
				F7D505BE22325C8A00D3ADBE /* RankViewController.swift in Sources */,
				F736EDD22230BCFD00460137 /* ViewController.swift in Sources */,
				F7D505B22232516D00D3ADBE /* FMDatabase.m in Sources */,
				F736EDE42230C71800460137 /* GameSelectorViewController.swift in Sources */,
				F7D505B32232516D00D3ADBE /* FMDatabasePool.m in Sources */,
				F7D505B42232516D00D3ADBE /* FMResultSet.m in Sources */,
				F736EDD02230BCFD00460137 /* AppDelegate.swift in Sources */,
				F7D505B12232516D00D3ADBE /* FMDatabaseAdditions.m in Sources */,
				F7D505A1223246C700D3ADBE /* GameOverViewController.swift in Sources */,
				F736EDEE2230C99A00460137 /* Music.m in Sources */,
				F70A5D16223261EE00F72165 /* rankTableViewCell.swift in Sources */,
				F7D505B82232518700D3ADBE /* UserDb.m in Sources */,
				F736EE002230FD4400460137 /* NumberView.swift in Sources */,
			);
			runOnlyForDeploymentPostprocessing = 0;
		};
/* End PBXSourcesBuildPhase section */

/* Begin PBXVariantGroup section */
		F736EDD32230BCFD00460137 /* Main.storyboard */ = {
			isa = PBXVariantGroup;
			children = (
				F736EDD42230BCFD00460137 /* Base */,
			);
			name = Main.storyboard;
			sourceTree = "<group>";
		};
		F736EDD82230BCFE00460137 /* LaunchScreen.storyboard */ = {
			isa = PBXVariantGroup;
			children = (
				F736EDD92230BCFE00460137 /* Base */,
			);
			name = LaunchScreen.storyboard;
			sourceTree = "<group>";
		};
/* End PBXVariantGroup section */

/* Begin XCBuildConfiguration section */
		F736EDDC2230BCFE00460137 /* Debug */ = {
			isa = XCBuildConfiguration;
			buildSettings = {
				ALWAYS_SEARCH_USER_PATHS = NO;
				CLANG_ANALYZER_NONNULL = YES;
				CLANG_ANALYZER_NUMBER_OBJECT_CONVERSION = YES_AGGRESSIVE;
				CLANG_CXX_LANGUAGE_STANDARD = "gnu++14";
				CLANG_CXX_LIBRARY = "libc++";
				CLANG_ENABLE_MODULES = YES;
				CLANG_ENABLE_OBJC_ARC = YES;
				CLANG_ENABLE_OBJC_WEAK = YES;
				CLANG_WARN_BLOCK_CAPTURE_AUTORELEASING = YES;
				CLANG_WARN_BOOL_CONVERSION = YES;
				CLANG_WARN_COMMA = YES;
				CLANG_WARN_CONSTANT_CONVERSION = YES;
				CLANG_WARN_DEPRECATED_OBJC_IMPLEMENTATIONS = YES;
				CLANG_WARN_DIRECT_OBJC_ISA_USAGE = YES_ERROR;
				CLANG_WARN_DOCUMENTATION_COMMENTS = YES;
				CLANG_WARN_EMPTY_BODY = YES;
				CLANG_WARN_ENUM_CONVERSION = YES;
				CLANG_WARN_INFINITE_RECURSION = YES;
				CLANG_WARN_INT_CONVERSION = YES;
				CLANG_WARN_NON_LITERAL_NULL_CONVERSION = YES;
				CLANG_WARN_OBJC_IMPLICIT_RETAIN_SELF = YES;
				CLANG_WARN_OBJC_LITERAL_CONVERSION = YES;
				CLANG_WARN_OBJC_ROOT_CLASS = YES_ERROR;
				CLANG_WARN_RANGE_LOOP_ANALYSIS = YES;
				CLANG_WARN_STRICT_PROTOTYPES = YES;
				CLANG_WARN_SUSPICIOUS_MOVE = YES;
				CLANG_WARN_UNGUARDED_AVAILABILITY = YES_AGGRESSIVE;
				CLANG_WARN_UNREACHABLE_CODE = YES;
				CLANG_WARN__DUPLICATE_METHOD_MATCH = YES;
				CODE_SIGN_IDENTITY = "iPhone Developer";
				COPY_PHASE_STRIP = NO;
				DEBUG_INFORMATION_FORMAT = dwarf;
				ENABLE_STRICT_OBJC_MSGSEND = YES;
				ENABLE_TESTABILITY = YES;
				GCC_C_LANGUAGE_STANDARD = gnu11;
				GCC_DYNAMIC_NO_PIC = NO;
				GCC_NO_COMMON_BLOCKS = YES;
				GCC_OPTIMIZATION_LEVEL = 0;
				GCC_PREPROCESSOR_DEFINITIONS = (
					"DEBUG=1",
					"$(inherited)",
				);
				GCC_WARN_64_TO_32_BIT_CONVERSION = YES;
				GCC_WARN_ABOUT_RETURN_TYPE = YES_ERROR;
				GCC_WARN_UNDECLARED_SELECTOR = YES;
				GCC_WARN_UNINITIALIZED_AUTOS = YES_AGGRESSIVE;
				GCC_WARN_UNUSED_FUNCTION = YES;
				GCC_WARN_UNUSED_VARIABLE = YES;
				IPHONEOS_DEPLOYMENT_TARGET = 12.1;
				MTL_ENABLE_DEBUG_INFO = INCLUDE_SOURCE;
				MTL_FAST_MATH = YES;
				ONLY_ACTIVE_ARCH = YES;
				SDKROOT = iphoneos;
				SWIFT_ACTIVE_COMPILATION_CONDITIONS = DEBUG;
				SWIFT_OPTIMIZATION_LEVEL = "-Onone";
			};
			name = Debug;
		};
		F736EDDD2230BCFE00460137 /* Release */ = {
			isa = XCBuildConfiguration;
			buildSettings = {
				ALWAYS_SEARCH_USER_PATHS = NO;
				CLANG_ANALYZER_NONNULL = YES;
				CLANG_ANALYZER_NUMBER_OBJECT_CONVERSION = YES_AGGRESSIVE;
				CLANG_CXX_LANGUAGE_STANDARD = "gnu++14";
				CLANG_CXX_LIBRARY = "libc++";
				CLANG_ENABLE_MODULES = YES;
				CLANG_ENABLE_OBJC_ARC = YES;
				CLANG_ENABLE_OBJC_WEAK = YES;
				CLANG_WARN_BLOCK_CAPTURE_AUTORELEASING = YES;
				CLANG_WARN_BOOL_CONVERSION = YES;
				CLANG_WARN_COMMA = YES;
				CLANG_WARN_CONSTANT_CONVERSION = YES;
				CLANG_WARN_DEPRECATED_OBJC_IMPLEMENTATIONS = YES;
				CLANG_WARN_DIRECT_OBJC_ISA_USAGE = YES_ERROR;
				CLANG_WARN_DOCUMENTATION_COMMENTS = YES;
				CLANG_WARN_EMPTY_BODY = YES;
				CLANG_WARN_ENUM_CONVERSION = YES;
				CLANG_WARN_INFINITE_RECURSION = YES;
				CLANG_WARN_INT_CONVERSION = YES;
				CLANG_WARN_NON_LITERAL_NULL_CONVERSION = YES;
				CLANG_WARN_OBJC_IMPLICIT_RETAIN_SELF = YES;
				CLANG_WARN_OBJC_LITERAL_CONVERSION = YES;
				CLANG_WARN_OBJC_ROOT_CLASS = YES_ERROR;
				CLANG_WARN_RANGE_LOOP_ANALYSIS = YES;
				CLANG_WARN_STRICT_PROTOTYPES = YES;
				CLANG_WARN_SUSPICIOUS_MOVE = YES;
				CLANG_WARN_UNGUARDED_AVAILABILITY = YES_AGGRESSIVE;
				CLANG_WARN_UNREACHABLE_CODE = YES;
				CLANG_WARN__DUPLICATE_METHOD_MATCH = YES;
				CODE_SIGN_IDENTITY = "iPhone Developer";
				COPY_PHASE_STRIP = NO;
				DEBUG_INFORMATION_FORMAT = "dwarf-with-dsym";
				ENABLE_NS_ASSERTIONS = NO;
				ENABLE_STRICT_OBJC_MSGSEND = YES;
				GCC_C_LANGUAGE_STANDARD = gnu11;
				GCC_NO_COMMON_BLOCKS = YES;
				GCC_WARN_64_TO_32_BIT_CONVERSION = YES;
				GCC_WARN_ABOUT_RETURN_TYPE = YES_ERROR;
				GCC_WARN_UNDECLARED_SELECTOR = YES;
				GCC_WARN_UNINITIALIZED_AUTOS = YES_AGGRESSIVE;
				GCC_WARN_UNUSED_FUNCTION = YES;
				GCC_WARN_UNUSED_VARIABLE = YES;
				IPHONEOS_DEPLOYMENT_TARGET = 12.1;
				MTL_ENABLE_DEBUG_INFO = NO;
				MTL_FAST_MATH = YES;
				SDKROOT = iphoneos;
				SWIFT_COMPILATION_MODE = wholemodule;
				SWIFT_OPTIMIZATION_LEVEL = "-O";
				VALIDATE_PRODUCT = YES;
			};
			name = Release;
		};
		F736EDDF2230BCFE00460137 /* Debug */ = {
			isa = XCBuildConfiguration;
			buildSettings = {
				ASSETCATALOG_COMPILER_APPICON_NAME = AppIcon;
				CLANG_ENABLE_MODULES = YES;
				CODE_SIGN_STYLE = Automatic;
				DEVELOPMENT_TEAM = 7M2A724UM8;
				INFOPLIST_FILE = DigitalBurst/Info.plist;
				LD_RUNPATH_SEARCH_PATHS = (
					"$(inherited)",
					"@executable_path/Frameworks",
				);
				PRODUCT_BUNDLE_IDENTIFIER = com.zmh.DigitalBurst;
				PRODUCT_NAME = "$(TARGET_NAME)";
				SWIFT_OBJC_BRIDGING_HEADER = "DigitalBurst/DigitalBurst-Bridging-Header.h";
				SWIFT_OPTIMIZATION_LEVEL = "-Onone";
				SWIFT_VERSION = 4.2;
				TARGETED_DEVICE_FAMILY = "1,2";
			};
			name = Debug;
		};
		F736EDE02230BCFE00460137 /* Release */ = {
			isa = XCBuildConfiguration;
			buildSettings = {
				ASSETCATALOG_COMPILER_APPICON_NAME = AppIcon;
				CLANG_ENABLE_MODULES = YES;
				CODE_SIGN_STYLE = Automatic;
				DEVELOPMENT_TEAM = 7M2A724UM8;
				INFOPLIST_FILE = DigitalBurst/Info.plist;
				LD_RUNPATH_SEARCH_PATHS = (
					"$(inherited)",
					"@executable_path/Frameworks",
				);
				PRODUCT_BUNDLE_IDENTIFIER = com.zmh.DigitalBurst;
				PRODUCT_NAME = "$(TARGET_NAME)";
				SWIFT_OBJC_BRIDGING_HEADER = "DigitalBurst/DigitalBurst-Bridging-Header.h";
				SWIFT_VERSION = 4.2;
				TARGETED_DEVICE_FAMILY = "1,2";
			};
			name = Release;
		};
/* End XCBuildConfiguration section */

/* Begin XCConfigurationList section */
		F736EDC72230BCFD00460137 /* Build configuration list for PBXProject "DigitalBurst" */ = {
			isa = XCConfigurationList;
			buildConfigurations = (
				F736EDDC2230BCFE00460137 /* Debug */,
				F736EDDD2230BCFE00460137 /* Release */,
			);
			defaultConfigurationIsVisible = 0;
			defaultConfigurationName = Release;
		};
		F736EDDE2230BCFE00460137 /* Build configuration list for PBXNativeTarget "DigitalBurst" */ = {
			isa = XCConfigurationList;
			buildConfigurations = (
				F736EDDF2230BCFE00460137 /* Debug */,
				F736EDE02230BCFE00460137 /* Release */,
			);
			defaultConfigurationIsVisible = 0;
			defaultConfigurationName = Release;
		};
/* End XCConfigurationList section */
	};
	rootObject = F736EDC42230BCFD00460137 /* Project object */;
}
